
Microsoft Visual Studio Solution File, Format Version 12.00
# Visual Studio Version 16
VisualStudioVersion = 16.0.28803.352
MinimumVisualStudioVersion = 10.0.40219.1
Project("{9A19103F-16F7-4668-BE54-9A1E7A4F7556}") = "SocialNetwork.Server", "DAB_Assignment3_SocialNetwork\SocialNetwork.Server.csproj", "{522218DE-B431-4166-ABF0-8E3D27767B4E}"
EndProject
Project("{9A19103F-16F7-4668-BE54-9A1E7A4F7556}") = "SocialNetwork.Client", "DAB_Assignment3_SocialNetwork_Client\SocialNetwork.Client.csproj", "{2B02A1BE-23C4-47A4-97DD-9301A1FE65F1}"
EndProject
Global
	GlobalSection(SolutionConfigurationPlatforms) = preSolution
		Debug|Any CPU = Debug|Any CPU
		Release|Any CPU = Release|Any CPU
	EndGlobalSection
	GlobalSection(ProjectConfigurationPlatforms) = postSolution
		{522218DE-B431-4166-ABF0-8E3D27767B4E}.Debug|Any CPU.ActiveCfg = Debug|Any CPU
		{522218DE-B431-4166-ABF0-8E3D27767B4E}.Debug|Any CPU.Build.0 = Debug|Any CPU
		{522218DE-B431-4166-ABF0-8E3D27767B4E}.Release|Any CPU.ActiveCfg = Release|Any CPU
		{522218DE-B431-4166-ABF0-8E3D27767B4E}.Release|Any CPU.Build.0 = Release|Any CPU
		{2B02A1BE-23C4-47A4-97DD-9301A1FE65F1}.Debug|Any CPU.ActiveCfg = Debug|Any CPU
		{2B02A1BE-23C4-47A4-97DD-9301A1FE65F1}.Debug|Any CPU.Build.0 = Debug|Any CPU
		{2B02A1BE-23C4-47A4-97DD-9301A1FE65F1}.Release|Any CPU.ActiveCfg = Release|Any CPU
		{2B02A1BE-23C4-47A4-97DD-9301A1FE65F1}.Release|Any CPU.Build.0 = Release|Any CPU
	EndGlobalSection
	GlobalSection(SolutionProperties) = preSolution
		HideSolutionNode = FALSE
	EndGlobalSection
	GlobalSection(ExtensibilityGlobals) = postSolution
		SolutionGuid = {87346E54-6260-4EE8-8B4F-EB0F4C456048}
	EndGlobalSection
EndGlobal
